
Microsoft Visual Studio Solution File, Format Version 12.00
# Visual Studio Version 16
VisualStudioVersion = 16.0.32602.291
MinimumVisualStudioVersion = 10.0.40219.1
Project("{FAE04EC0-301F-11D3-BF4B-00C04F79EFBC}") = "Employee_WebAPI_JWT_1", "Employee_WebAPI_JWT_1.csproj", "{BB30820C-8160-498D-8E57-7C4D96C68133}"
EndProject
Global
	GlobalSection(SolutionConfigurationPlatforms) = preSolution
		Debug|Any CPU = Debug|Any CPU
		Release|Any CPU = Release|Any CPU
	EndGlobalSection
	GlobalSection(ProjectConfigurationPlatforms) = postSolution
		{BB30820C-8160-498D-8E57-7C4D96C68133}.Debug|Any CPU.ActiveCfg = Debug|Any CPU
		{BB30820C-8160-498D-8E57-7C4D96C68133}.Debug|Any CPU.Build.0 = Debug|Any CPU
		{BB30820C-8160-498D-8E57-7C4D96C68133}.Release|Any CPU.ActiveCfg = Release|Any CPU
		{BB30820C-8160-498D-8E57-7C4D96C68133}.Release|Any CPU.Build.0 = Release|Any CPU
	EndGlobalSection
	GlobalSection(SolutionProperties) = preSolution
		HideSolutionNode = FALSE
	EndGlobalSection
	GlobalSection(ExtensibilityGlobals) = postSolution
		SolutionGuid = {7A508493-4E49-436D-AB88-F2A1BD8CEEB9}
	EndGlobalSection
EndGlobal
